
Microsoft Visual Studio Solution File, Format Version 12.00
# Visual Studio Version 16
VisualStudioVersion = 16.6.30114.105
MinimumVisualStudioVersion = 10.0.40219.1
Project("{2150E333-8FDC-42A3-9474-1A3956D46DE8}") = "src", "src", "{78898E2C-A40A-4D6C-A4E0-A3A49DC3C6B4}"
EndProject
Project("{FAE04EC0-301F-11D3-BF4B-00C04F79EFBC}") = "BlazorClient", "src\BlazorClient\BlazorClient.csproj", "{D8E7461E-AA7D-473D-A764-C48D01ED4602}"
EndProject
Project("{FAE04EC0-301F-11D3-BF4B-00C04F79EFBC}") = "Server", "src\Server\Server.csproj", "{B8378DEA-822E-486D-A566-5BE46D83738C}"
EndProject
Global
	GlobalSection(SolutionConfigurationPlatforms) = preSolution
		Debug|Any CPU = Debug|Any CPU
		Debug|x64 = Debug|x64
		Debug|x86 = Debug|x86
		Release|Any CPU = Release|Any CPU
		Release|x64 = Release|x64
		Release|x86 = Release|x86
	EndGlobalSection
	GlobalSection(SolutionProperties) = preSolution
		HideSolutionNode = FALSE
	EndGlobalSection
	GlobalSection(ProjectConfigurationPlatforms) = postSolution
		{D8E7461E-AA7D-473D-A764-C48D01ED4602}.Debug|Any CPU.ActiveCfg = Debug|Any CPU
		{D8E7461E-AA7D-473D-A764-C48D01ED4602}.Debug|Any CPU.Build.0 = Debug|Any CPU
		{D8E7461E-AA7D-473D-A764-C48D01ED4602}.Debug|x64.ActiveCfg = Debug|Any CPU
		{D8E7461E-AA7D-473D-A764-C48D01ED4602}.Debug|x64.Build.0 = Debug|Any CPU
		{D8E7461E-AA7D-473D-A764-C48D01ED4602}.Debug|x86.ActiveCfg = Debug|Any CPU
		{D8E7461E-AA7D-473D-A764-C48D01ED4602}.Debug|x86.Build.0 = Debug|Any CPU
		{D8E7461E-AA7D-473D-A764-C48D01ED4602}.Release|Any CPU.ActiveCfg = Release|Any CPU
		{D8E7461E-AA7D-473D-A764-C48D01ED4602}.Release|Any CPU.Build.0 = Release|Any CPU
		{D8E7461E-AA7D-473D-A764-C48D01ED4602}.Release|x64.ActiveCfg = Release|Any CPU
		{D8E7461E-AA7D-473D-A764-C48D01ED4602}.Release|x64.Build.0 = Release|Any CPU
		{D8E7461E-AA7D-473D-A764-C48D01ED4602}.Release|x86.ActiveCfg = Release|Any CPU
		{D8E7461E-AA7D-473D-A764-C48D01ED4602}.Release|x86.Build.0 = Release|Any CPU
		{B8378DEA-822E-486D-A566-5BE46D83738C}.Debug|Any CPU.ActiveCfg = Debug|Any CPU
		{B8378DEA-822E-486D-A566-5BE46D83738C}.Debug|Any CPU.Build.0 = Debug|Any CPU
		{B8378DEA-822E-486D-A566-5BE46D83738C}.Debug|x64.ActiveCfg = Debug|Any CPU
		{B8378DEA-822E-486D-A566-5BE46D83738C}.Debug|x64.Build.0 = Debug|Any CPU
		{B8378DEA-822E-486D-A566-5BE46D83738C}.Debug|x86.ActiveCfg = Debug|Any CPU
		{B8378DEA-822E-486D-A566-5BE46D83738C}.Debug|x86.Build.0 = Debug|Any CPU
		{B8378DEA-822E-486D-A566-5BE46D83738C}.Release|Any CPU.ActiveCfg = Release|Any CPU
		{B8378DEA-822E-486D-A566-5BE46D83738C}.Release|Any CPU.Build.0 = Release|Any CPU
		{B8378DEA-822E-486D-A566-5BE46D83738C}.Release|x64.ActiveCfg = Release|Any CPU
		{B8378DEA-822E-486D-A566-5BE46D83738C}.Release|x64.Build.0 = Release|Any CPU
		{B8378DEA-822E-486D-A566-5BE46D83738C}.Release|x86.ActiveCfg = Release|Any CPU
		{B8378DEA-822E-486D-A566-5BE46D83738C}.Release|x86.Build.0 = Release|Any CPU
	EndGlobalSection
	GlobalSection(NestedProjects) = preSolution
		{D8E7461E-AA7D-473D-A764-C48D01ED4602} = {78898E2C-A40A-4D6C-A4E0-A3A49DC3C6B4}
		{B8378DEA-822E-486D-A566-5BE46D83738C} = {78898E2C-A40A-4D6C-A4E0-A3A49DC3C6B4}
	EndGlobalSection
EndGlobal
